
Microsoft Visual Studio Solution File, Format Version 12.00
# Visual Studio Version 17
VisualStudioVersion = 17.0.31903.59
MinimumVisualStudioVersion = 10.0.40219.1
Project("{2150E333-8FDC-42A3-9474-1A3956D46DE8}") = "src", "src", "{0DCE4DF8-9E87-4BF0-B898-B91136A8598C}"
EndProject
Project("{9A19103F-16F7-4668-BE54-9A1E7A4F7556}") = "combofind.Domain", "src\combofind.Domain\combofind.Domain.csproj", "{87D1DF50-FBC5-4FCC-A7A7-25A0EE148A48}"
EndProject
Project("{2150E333-8FDC-42A3-9474-1A3956D46DE8}") = "tests", "tests", "{07C0C46F-F453-45C0-8525-8A84567A8596}"
EndProject
Project("{9A19103F-16F7-4668-BE54-9A1E7A4F7556}") = "Application.UnitTests", "tests\Application.UnitTests\Application.UnitTests.csproj", "{5947AFA3-1944-4224-ADA4-8FD289765930}"
EndProject
Project("{9A19103F-16F7-4668-BE54-9A1E7A4F7556}") = "combofind.Application", "src\combofind.Application\combofind.Application.csproj", "{4725F442-CA5D-4270-B321-30FA64D6A39D}"
EndProject
Project("{9A19103F-16F7-4668-BE54-9A1E7A4F7556}") = "combofind.Infrastructure", "src\combofind.Infrastructure\combofind.Infrastructure.csproj", "{FAFA23FC-9FE3-4FC9-8F1D-7B0432CE03F2}"
EndProject
Project("{2150E333-8FDC-42A3-9474-1A3956D46DE8}") = "Core", "Core", "{DDBBAE2A-7441-4BBF-92EE-2144EB42F3F6}"
EndProject
Project("{2150E333-8FDC-42A3-9474-1A3956D46DE8}") = "Persistence", "Persistence", "{5097A9A8-6BEC-43D4-B0B0-2EE6B5C0D5CF}"
EndProject
Project("{2150E333-8FDC-42A3-9474-1A3956D46DE8}") = "Presentation", "Presentation", "{1C7ADC61-8D02-4E91-A9CD-393AA3719756}"
EndProject
Project("{9A19103F-16F7-4668-BE54-9A1E7A4F7556}") = "combofind.WebApi", "src\combofind.WebApi\combofind.WebApi.csproj", "{3F196612-8E6D-4C69-81A4-3100A037CB49}"
EndProject
Project("{2150E333-8FDC-42A3-9474-1A3956D46DE8}") = "Resources", "Resources", "{F06C315D-B8CA-4B26-9A99-FD72A9DADDDA}"
EndProject
Project("{FAE04EC0-301F-11D3-BF4B-00C04F79EFBC}") = "combofind.Resources", "src\combofind.Resources\combofind.Resources.csproj", "{66CE757E-9834-46B9-88F6-8CF6376916AA}"
EndProject
Global
	GlobalSection(SolutionConfigurationPlatforms) = preSolution
		Debug|Any CPU = Debug|Any CPU
		Release|Any CPU = Release|Any CPU
	EndGlobalSection
	GlobalSection(ProjectConfigurationPlatforms) = postSolution
		{87D1DF50-FBC5-4FCC-A7A7-25A0EE148A48}.Debug|Any CPU.ActiveCfg = Debug|Any CPU
		{87D1DF50-FBC5-4FCC-A7A7-25A0EE148A48}.Debug|Any CPU.Build.0 = Debug|Any CPU
		{87D1DF50-FBC5-4FCC-A7A7-25A0EE148A48}.Release|Any CPU.ActiveCfg = Release|Any CPU
		{87D1DF50-FBC5-4FCC-A7A7-25A0EE148A48}.Release|Any CPU.Build.0 = Release|Any CPU
		{5947AFA3-1944-4224-ADA4-8FD289765930}.Debug|Any CPU.ActiveCfg = Debug|Any CPU
		{5947AFA3-1944-4224-ADA4-8FD289765930}.Debug|Any CPU.Build.0 = Debug|Any CPU
		{5947AFA3-1944-4224-ADA4-8FD289765930}.Release|Any CPU.ActiveCfg = Release|Any CPU
		{5947AFA3-1944-4224-ADA4-8FD289765930}.Release|Any CPU.Build.0 = Release|Any CPU
		{4725F442-CA5D-4270-B321-30FA64D6A39D}.Debug|Any CPU.ActiveCfg = Debug|Any CPU
		{4725F442-CA5D-4270-B321-30FA64D6A39D}.Debug|Any CPU.Build.0 = Debug|Any CPU
		{4725F442-CA5D-4270-B321-30FA64D6A39D}.Release|Any CPU.ActiveCfg = Release|Any CPU
		{4725F442-CA5D-4270-B321-30FA64D6A39D}.Release|Any CPU.Build.0 = Release|Any CPU
		{FAFA23FC-9FE3-4FC9-8F1D-7B0432CE03F2}.Debug|Any CPU.ActiveCfg = Debug|Any CPU
		{FAFA23FC-9FE3-4FC9-8F1D-7B0432CE03F2}.Debug|Any CPU.Build.0 = Debug|Any CPU
		{FAFA23FC-9FE3-4FC9-8F1D-7B0432CE03F2}.Release|Any CPU.ActiveCfg = Release|Any CPU
		{FAFA23FC-9FE3-4FC9-8F1D-7B0432CE03F2}.Release|Any CPU.Build.0 = Release|Any CPU
		{3F196612-8E6D-4C69-81A4-3100A037CB49}.Debug|Any CPU.ActiveCfg = Debug|Any CPU
		{3F196612-8E6D-4C69-81A4-3100A037CB49}.Debug|Any CPU.Build.0 = Debug|Any CPU
		{3F196612-8E6D-4C69-81A4-3100A037CB49}.Release|Any CPU.ActiveCfg = Release|Any CPU
		{3F196612-8E6D-4C69-81A4-3100A037CB49}.Release|Any CPU.Build.0 = Release|Any CPU
		{66CE757E-9834-46B9-88F6-8CF6376916AA}.Debug|Any CPU.ActiveCfg = Debug|Any CPU
		{66CE757E-9834-46B9-88F6-8CF6376916AA}.Debug|Any CPU.Build.0 = Debug|Any CPU
		{66CE757E-9834-46B9-88F6-8CF6376916AA}.Release|Any CPU.ActiveCfg = Release|Any CPU
		{66CE757E-9834-46B9-88F6-8CF6376916AA}.Release|Any CPU.Build.0 = Release|Any CPU
	EndGlobalSection
	GlobalSection(SolutionProperties) = preSolution
		HideSolutionNode = FALSE
	EndGlobalSection
	GlobalSection(NestedProjects) = preSolution
		{87D1DF50-FBC5-4FCC-A7A7-25A0EE148A48} = {DDBBAE2A-7441-4BBF-92EE-2144EB42F3F6}
		{5947AFA3-1944-4224-ADA4-8FD289765930} = {07C0C46F-F453-45C0-8525-8A84567A8596}
		{4725F442-CA5D-4270-B321-30FA64D6A39D} = {DDBBAE2A-7441-4BBF-92EE-2144EB42F3F6}
		{FAFA23FC-9FE3-4FC9-8F1D-7B0432CE03F2} = {5097A9A8-6BEC-43D4-B0B0-2EE6B5C0D5CF}
		{DDBBAE2A-7441-4BBF-92EE-2144EB42F3F6} = {0DCE4DF8-9E87-4BF0-B898-B91136A8598C}
		{5097A9A8-6BEC-43D4-B0B0-2EE6B5C0D5CF} = {0DCE4DF8-9E87-4BF0-B898-B91136A8598C}
		{1C7ADC61-8D02-4E91-A9CD-393AA3719756} = {0DCE4DF8-9E87-4BF0-B898-B91136A8598C}
		{3F196612-8E6D-4C69-81A4-3100A037CB49} = {1C7ADC61-8D02-4E91-A9CD-393AA3719756}
		{F06C315D-B8CA-4B26-9A99-FD72A9DADDDA} = {0DCE4DF8-9E87-4BF0-B898-B91136A8598C}
		{66CE757E-9834-46B9-88F6-8CF6376916AA} = {F06C315D-B8CA-4B26-9A99-FD72A9DADDDA}
	EndGlobalSection
	GlobalSection(ExtensibilityGlobals) = postSolution
		SolutionGuid = {EFFE9FCD-1400-4281-887E-7FA8EA171574}
	EndGlobalSection
EndGlobal
